{
  "name": "React-Function-Components-uma-abordagem-moderna",
  "lockfileVersion": 2,
  "requires": true,
  "packages": {
    "": {
      "dependencies": {
        "@fontsource/roboto": "^4.5.7"
      }
    },
    "node_modules/@fontsource/roboto": {
      "version": "4.5.7",
      "resolved": "https://registry.npmjs.org/@fontsource/roboto/-/roboto-4.5.7.tgz",
      "integrity": "sha512-m57UMER23Mk6Drg9OjtHW1Y+0KPGyZfE5XJoPTOsLARLar6013kJj4X2HICt+iFLJqIgTahA/QAvSn9lwF1EEw=="
    }
  },
  "dependencies": {
    "@fontsource/roboto": {
      "version": "4.5.7",
      "resolved": "https://registry.npmjs.org/@fontsource/roboto/-/roboto-4.5.7.tgz",
      "integrity": "sha512-m57UMER23Mk6Drg9OjtHW1Y+0KPGyZfE5XJoPTOsLARLar6013kJj4X2HICt+iFLJqIgTahA/QAvSn9lwF1EEw=="
    }
  }
}
